
Microsoft Visual Studio Solution File, Format Version 12.00
# Visual Studio Version 17
VisualStudioVersion = 17.7.34202.233
MinimumVisualStudioVersion = 10.0.40219.1
Project("{FAE04EC0-301F-11D3-BF4B-00C04F79EFBC}") = "APICatalog", "APICatalog\APICatalog.csproj", "{C7DD00DD-48CC-4F44-98C6-891B116F8F93}"
EndProject
Global
	GlobalSection(SolutionConfigurationPlatforms) = preSolution
		Debug|Any CPU = Debug|Any CPU
		Release|Any CPU = Release|Any CPU
	EndGlobalSection
	GlobalSection(ProjectConfigurationPlatforms) = postSolution
		{C7DD00DD-48CC-4F44-98C6-891B116F8F93}.Debug|Any CPU.ActiveCfg = Debug|Any CPU
		{C7DD00DD-48CC-4F44-98C6-891B116F8F93}.Debug|Any CPU.Build.0 = Debug|Any CPU
		{C7DD00DD-48CC-4F44-98C6-891B116F8F93}.Release|Any CPU.ActiveCfg = Release|Any CPU
		{C7DD00DD-48CC-4F44-98C6-891B116F8F93}.Release|Any CPU.Build.0 = Release|Any CPU
	EndGlobalSection
	GlobalSection(SolutionProperties) = preSolution
		HideSolutionNode = FALSE
	EndGlobalSection
	GlobalSection(ExtensibilityGlobals) = postSolution
		SolutionGuid = {25D9E2C2-0A58-4A51-B5BC-601A5756AF1D}
	EndGlobalSection
EndGlobal
